
Microsoft Visual Studio Solution File, Format Version 12.00
# Visual Studio Version 16
VisualStudioVersion = 16.0.30621.155
MinimumVisualStudioVersion = 10.0.40219.1
Project("{FAE04EC0-301F-11D3-BF4B-00C04F79EFBC}") = "Nomina2019.Data", "Nomina2019.Data\Nomina2019.Data.csproj", "{DE601EDF-2C57-457E-A0B0-8E68D2306CDD}"
EndProject
Project("{FAE04EC0-301F-11D3-BF4B-00C04F79EFBC}") = "Nomina2019", "Nomina2019\Nomina2019.csproj", "{FFE70DB6-0193-4FD7-ABAC-0FB110F54A96}"
EndProject
Global
	GlobalSection(SolutionConfigurationPlatforms) = preSolution
		Debug|Any CPU = Debug|Any CPU
		Release|Any CPU = Release|Any CPU
	EndGlobalSection
	GlobalSection(ProjectConfigurationPlatforms) = postSolution
		{DE601EDF-2C57-457E-A0B0-8E68D2306CDD}.Debug|Any CPU.ActiveCfg = Debug|Any CPU
		{DE601EDF-2C57-457E-A0B0-8E68D2306CDD}.Debug|Any CPU.Build.0 = Debug|Any CPU
		{DE601EDF-2C57-457E-A0B0-8E68D2306CDD}.Release|Any CPU.ActiveCfg = Release|Any CPU
		{DE601EDF-2C57-457E-A0B0-8E68D2306CDD}.Release|Any CPU.Build.0 = Release|Any CPU
		{FFE70DB6-0193-4FD7-ABAC-0FB110F54A96}.Debug|Any CPU.ActiveCfg = Debug|Any CPU
		{FFE70DB6-0193-4FD7-ABAC-0FB110F54A96}.Debug|Any CPU.Build.0 = Debug|Any CPU
		{FFE70DB6-0193-4FD7-ABAC-0FB110F54A96}.Release|Any CPU.ActiveCfg = Release|Any CPU
		{FFE70DB6-0193-4FD7-ABAC-0FB110F54A96}.Release|Any CPU.Build.0 = Release|Any CPU
	EndGlobalSection
	GlobalSection(SolutionProperties) = preSolution
		HideSolutionNode = FALSE
	EndGlobalSection
	GlobalSection(ExtensibilityGlobals) = postSolution
		SolutionGuid = {BEC96ACB-5EC4-43AB-8B35-A579F7C9CEFC}
	EndGlobalSection
EndGlobal
